
Microsoft Visual Studio Solution File, Format Version 12.00
# Visual Studio Version 16
VisualStudioVersion = 16.0.29318.209
MinimumVisualStudioVersion = 10.0.40219.1
Project("{FAE04EC0-301F-11D3-BF4B-00C04F79EFBC}") = "Home.App", "Home.App\Home.App.csproj", "{6EA26178-AB7C-46E7-8C9B-68E87981354F}"
EndProject
Global
	GlobalSection(SolutionConfigurationPlatforms) = preSolution
		Debug|Any CPU = Debug|Any CPU
		Release|Any CPU = Release|Any CPU
	EndGlobalSection
	GlobalSection(ProjectConfigurationPlatforms) = postSolution
		{6EA26178-AB7C-46E7-8C9B-68E87981354F}.Debug|Any CPU.ActiveCfg = Debug|Any CPU
		{6EA26178-AB7C-46E7-8C9B-68E87981354F}.Debug|Any CPU.Build.0 = Debug|Any CPU
		{6EA26178-AB7C-46E7-8C9B-68E87981354F}.Release|Any CPU.ActiveCfg = Release|Any CPU
		{6EA26178-AB7C-46E7-8C9B-68E87981354F}.Release|Any CPU.Build.0 = Release|Any CPU
	EndGlobalSection
	GlobalSection(SolutionProperties) = preSolution
		HideSolutionNode = FALSE
	EndGlobalSection
	GlobalSection(ExtensibilityGlobals) = postSolution
		SolutionGuid = {20539385-6F56-4686-B7F8-07BE0CE3082A}
	EndGlobalSection
EndGlobal
